<?xml version="1.0" encoding="utf-8"?>
<Project ToolsVersion="4.0" xmlns="http://schemas.microsoft.com/developer/msbuild/2003">
  <ItemGroup>
    <Filter Include="Source Files">
      <UniqueIdentifier>{4FC737F1-C7A5-4376-A066-2A32D752A2FF}</UniqueIdentifier>
      <Extensions>cpp;c;cc;cxx;def;odl;idl;hpj;bat;asm;asmx</Extensions>
    </Filter>
    <Filter Include="Header Files">
      <UniqueIdentifier>{93995380-89BD-4b04-88EB-625FBE52EBFB}</UniqueIdentifier>
      <Extensions>h;hh;hpp;hxx;hm;inl;inc;xsd</Extensions>
    </Filter>
    <Filter Include="Resource Files">
      <UniqueIdentifier>{67DA6AB6-F800-4c08-8B7A-83BB121AAD01}</UniqueIdentifier>
      <Extensions>rc;ico;cur;bmp;dlg;rc2;rct;bin;rgs;gif;jpg;jpeg;jpe;resx;tiff;tif;png;wav;mfcribbon-ms</Extensions>
    </Filter>
  </ItemGroup>
  <ItemGroup>
    <ClInclude Include="Math\dank_vec2.h">
      <Filter>Header Files</Filter>
    </ClInclude>
    <ClInclude Include="Math\dank_vec3.h">
      <Filter>Header Files</Filter>
    </ClInclude>
    <ClInclude Include="Math\dank_vec4.h">
      <Filter>Header Files</Filter>
    </ClInclude>
    <ClInclude Include="Graphics\dank_window.h">
      <Filter>Header Files</Filter>
    </ClInclude>
    <ClInclude Include="Math\dank_mat4.h">
      <Filter>Header Files</Filter>
    </ClInclude>
    <ClInclude Include="Math\Math.h">
      <Filter>Header Files</Filter>
    </ClInclude>
    <ClInclude Include="Utils\file_utils.h">
      <Filter>Header Files</Filter>
    </ClInclude>
    <ClInclude Include="Utils\clock.h">
      <Filter>Header Files</Filter>
    </ClInclude>
    <ClInclude Include="Utils\stb_image.h">
      <Filter>Header Files</Filter>
    </ClInclude>
    <ClInclude Include="Graphics\dank_shader.h">
      <Filter>Header Files</Filter>
    </ClInclude>
    <ClInclude Include="Graphics\dank_vertex.h">
      <Filter>Header Files</Filter>
    </ClInclude>
    <ClInclude Include="Graphics\dank_sprite.h">
      <Filter>Header Files</Filter>
    </ClInclude>
    <ClInclude Include="Graphics\dank_texture.h">
      <Filter>Header Files</Filter>
    </ClInclude>
    <ClInclude Include="Graphics\dank_texture_sheet.h">
      <Filter>Header Files</Filter>
    </ClInclude>
    <ClInclude Include="Graphics\dank_batch.h">
      <Filter>Header Files</Filter>
    </ClInclude>
    <ClInclude Include="Graphics\dank_renderable.h">
      <Filter>Header Files</Filter>
    </ClInclude>
    <ClInclude Include="Graphics\dank_batch_renderer.h">
      <Filter>Header Files</Filter>
    </ClInclude>
    <ClInclude Include="Graphics\dank_character.h">
      <Filter>Header Files</Filter>
    </ClInclude>
    <ClInclude Include="Graphics\dank_glyph.h">
      <Filter>Header Files</Filter>
    </ClInclude>
    <ClInclude Include="Graphics\dank_label.h">
      <Filter>Header Files</Filter>
    </ClInclude>
    <ClInclude Include="Graphics\dank_text_renderer.h">
      <Filter>Header Files</Filter>
    </ClInclude>
  </ItemGroup>
  <ItemGroup>
    <ClCompile Include="main.cpp">
      <Filter>Source Files</Filter>
    </ClCompile>
    <ClCompile Include="Math\dank_vec2.cpp">
      <Filter>Source Files</Filter>
    </ClCompile>
    <ClCompile Include="Math\dank_vec3.cpp">
      <Filter>Source Files</Filter>
    </ClCompile>
    <ClCompile Include="Math\dank_vec4.cpp">
      <Filter>Source Files</Filter>
    </ClCompile>
    <ClCompile Include="Graphics\dank_window.cpp">
      <Filter>Source Files</Filter>
    </ClCompile>
    <ClCompile Include="Math\dank_mat4.cpp">
      <Filter>Source Files</Filter>
    </ClCompile>
    <ClCompile Include="Math\Math.cpp">
      <Filter>Source Files</Filter>
    </ClCompile>
    <ClCompile Include="Utils\file_utils.cpp">
      <Filter>Source Files</Filter>
    </ClCompile>
    <ClCompile Include="Utils\clock.cpp">
      <Filter>Source Files</Filter>
    </ClCompile>
    <ClCompile Include="Graphics\dank_shader.cpp">
      <Filter>Source Files</Filter>
    </ClCompile>
    <ClCompile Include="Graphics\dank_sprite.cpp">
      <Filter>Source Files</Filter>
    </ClCompile>
    <ClCompile Include="Graphics\dank_texture.cpp">
      <Filter>Source Files</Filter>
    </ClCompile>
    <ClCompile Include="Graphics\dank_texture_sheet.cpp">
      <Filter>Source Files</Filter>
    </ClCompile>
    <ClCompile Include="Graphics\dank_batch.cpp">
      <Filter>Source Files</Filter>
    </ClCompile>
    <ClCompile Include="Graphics\dank_batch_renderer.cpp">
      <Filter>Source Files</Filter>
    </ClCompile>
    <ClCompile Include="Graphics\dank_glyph.cpp">
      <Filter>Source Files</Filter>
    </ClCompile>
    <ClCompile Include="Graphics\dank_label.cpp">
      <Filter>Source Files</Filter>
    </ClCompile>
    <ClCompile Include="Graphics\dank_text_renderer.cpp">
      <Filter>Source Files</Filter>
    </ClCompile>
  </ItemGroup>
  <ItemGroup>
    <None Include="Shaders\spriteShader.vert" />
    <None Include="Shaders\spriteShader.frag" />
    <None Include="Shaders\textShader.frag" />
    <None Include="Shaders\textShader.vert" />
  </ItemGroup>
  <ItemGroup>
    <Image Include="Resources\Sheet1.png">
      <Filter>Resource Files</Filter>
    </Image>
    <Image Include="Resources\Sheet2.png">
      <Filter>Resource Files</Filter>
    </Image>
    <Image Include="Resources\test\tex4.png">
      <Filter>Resource Files</Filter>
    </Image>
    <Image Include="Resources\test\tex5.png">
      <Filter>Resource Files</Filter>
    </Image>
    <Image Include="Resources\test\tex6.png">
      <Filter>Resource Files</Filter>
    </Image>
    <Image Include="Resources\test\tex7.png">
      <Filter>Resource Files</Filter>
    </Image>
    <Image Include="Resources\test\tex8.png">
      <Filter>Resource Files</Filter>
    </Image>
    <Image Include="Resources\test\tex9.png">
      <Filter>Resource Files</Filter>
    </Image>
    <Image Include="Resources\test\tex10.png">
      <Filter>Resource Files</Filter>
    </Image>
    <Image Include="Resources\test\tex11.png">
      <Filter>Resource Files</Filter>
    </Image>
    <Image Include="Resources\test\tex12.png">
      <Filter>Resource Files</Filter>
    </Image>
    <Image Include="Resources\test\tex13.png">
      <Filter>Resource Files</Filter>
    </Image>
    <Image Include="Resources\test\tex14.png">
      <Filter>Resource Files</Filter>
    </Image>
    <Image Include="Resources\test\tex15.png">
      <Filter>Resource Files</Filter>
    </Image>
    <Image Include="Resources\test\tex16.png">
      <Filter>Resource Files</Filter>
    </Image>
    <Image Include="Resources\test\tex17.png">
      <Filter>Resource Files</Filter>
    </Image>
    <Image Include="Resources\test\tex18.png">
      <Filter>Resource Files</Filter>
    </Image>
    <Image Include="Resources\test\tex19.png">
      <Filter>Resource Files</Filter>
    </Image>
    <Image Include="Resources\test\tex20.png">
      <Filter>Resource Files</Filter>
    </Image>
    <Image Include="Resources\test\tex21.png">
      <Filter>Resource Files</Filter>
    </Image>
    <Image Include="Resources\test\tex22.png">
      <Filter>Resource Files</Filter>
    </Image>
    <Image Include="Resources\test\tex23.png">
      <Filter>Resource Files</Filter>
    </Image>
    <Image Include="Resources\test\tex24.png">
      <Filter>Resource Files</Filter>
    </Image>
    <Image Include="Resources\test\tex25.png">
      <Filter>Resource Files</Filter>
    </Image>
    <Image Include="Resources\test\tex26.png">
      <Filter>Resource Files</Filter>
    </Image>
    <Image Include="Resources\test\tex27.png">
      <Filter>Resource Files</Filter>
    </Image>
    <Image Include="Resources\test\tex28.png">
      <Filter>Resource Files</Filter>
    </Image>
    <Image Include="Resources\test\tex29.png">
      <Filter>Resource Files</Filter>
    </Image>
    <Image Include="Resources\test\tex30.png">
      <Filter>Resource Files</Filter>
    </Image>
    <Image Include="Resources\test\tex31.png">
      <Filter>Resource Files</Filter>
    </Image>
    <Image Include="Resources\test\tex32.png">
      <Filter>Resource Files</Filter>
    </Image>
    <Image Include="Resources\test\tex33.png">
      <Filter>Resource Files</Filter>
    </Image>
    <Image Include="Resources\test\tex34.png">
      <Filter>Resource Files</Filter>
    </Image>
    <Image Include="Resources\test\tex1.png">
      <Filter>Resource Files</Filter>
    </Image>
    <Image Include="Resources\test\tex2.png">
      <Filter>Resource Files</Filter>
    </Image>
    <Image Include="Resources\test\tex3.png">
      <Filter>Resource Files</Filter>
    </Image>
  </ItemGroup>
</Project>